
Microsoft Visual Studio Solution File, Format Version 12.00
Project("{2150E333-8FDC-42A3-9474-1A3956D46DE8}") = "docs", "docs", "{CF7CFAEF-6FDD-478F-A7E5-90D87BBF44BE}"
	ProjectSection(SolutionItems) = preProject
		docs\architecture.en.md = docs\architecture.en.md
		docs\architecture.pl.md = docs\architecture.pl.md
		docs\decisions.pl.md = docs\decisions.pl.md
		docs\repo-structure.pl.md = docs\repo-structure.pl.md
		docs\decisions.en.md = docs\decisions.en.md
		docs\repo-structure.en.md = docs\repo-structure.en.md
	EndProjectSection
EndProject
Project("{FAE04EC0-301F-11D3-BF4B-00C04F79EFBC}") = "Mavrynt.AppHost", "src\backend\Mavrynt.AppHost\Mavrynt.AppHost.csproj", "{FBB1BCF2-0CA4-4731-AE02-896CD7121A09}"
EndProject
Project("{FAE04EC0-301F-11D3-BF4B-00C04F79EFBC}") = "Mavrynt.ServiceDefaults", "src\backend\Mavrynt.ServiceDefaults\Mavrynt.ServiceDefaults.csproj", "{BC16A1E5-F1C2-4AB7-8A66-2396A03CF865}"
EndProject
Project("{FAE04EC0-301F-11D3-BF4B-00C04F79EFBC}") = "Mavrynt.Api", "src\backend\Mavrynt.Api\Mavrynt.Api.csproj", "{2A03DB61-8B93-4EA8-992E-D1F642B2C58E}"
EndProject
Project("{FAE04EC0-301F-11D3-BF4B-00C04F79EFBC}") = "Mavrynt.AdminApp", "src\backend\Mavrynt.AdminApp\Mavrynt.AdminApp.csproj", "{27A5518F-7CA6-4C8F-AFF4-E2E95A5D6688}"
EndProject
Project("{FAE04EC0-301F-11D3-BF4B-00C04F79EFBC}") = "Mavrynt.BuildingBlocks.Domain", "src\backend\Mavrynt.BuildingBlocks.Domain\Mavrynt.BuildingBlocks.Domain.csproj", "{8AE4A9F5-B084-4C44-B93A-ED3162E51E76}"
EndProject
Project("{FAE04EC0-301F-11D3-BF4B-00C04F79EFBC}") = "Mavrynt.BuildingBlocks.Application", "src\backend\Mavrynt.BuildingBlocks.Application\Mavrynt.BuildingBlocks.Application.csproj", "{9606BAB8-8986-44AF-8B9E-627709E02694}"
EndProject
Project("{FAE04EC0-301F-11D3-BF4B-00C04F79EFBC}") = "Mavrynt.BuildingBlocks.Infrastructure", "src\backend\Mavrynt.BuildingBlocks.Infrastructure\Mavrynt.BuildingBlocks.Infrastructure.csproj", "{1A82CA90-E4F7-4E87-AEA4-CF634A352C2A}"
EndProject
Project("{FAE04EC0-301F-11D3-BF4B-00C04F79EFBC}") = "Mavrynt.BuildingBlocksContracts", "src\backend\Mavrynt.BuildingBlocksContracts\Mavrynt.BuildingBlocksContracts.csproj", "{E5E34A87-467B-4982-B913-5A2C323275DC}"
EndProject
Project("{FAE04EC0-301F-11D3-BF4B-00C04F79EFBC}") = "Mavrynt.Modules.Users.Domain", "src\backend\Mavrynt.Modules.Users.Domain\Mavrynt.Modules.Users.Domain.csproj", "{D3C9C9E3-15C9-45CD-875A-9B5F9BA0799A}"
EndProject
Project("{FAE04EC0-301F-11D3-BF4B-00C04F79EFBC}") = "Mavrynt.Modules.Users.Application", "src\backend\Mavrynt.Modules.Users.Application\Mavrynt.Modules.Users.Application.csproj", "{712A1533-9A9F-4588-A00F-03CE23C2E356}"
EndProject
Project("{FAE04EC0-301F-11D3-BF4B-00C04F79EFBC}") = "Mavrynt.Modules.Users.Infrastructure", "src\backend\Mavrynt.Modules.Users.Infrastructure\Mavrynt.Modules.Users.Infrastructure.csproj", "{7F9E52B7-CD29-4468-A230-0A1649697993}"
EndProject
Project("{FAE04EC0-301F-11D3-BF4B-00C04F79EFBC}") = "Mavrynt.Web.Admin", "src\frontend\Mavrynt.Web.Admin\Mavrynt.Web.Admin.csproj", "{9BA0DE1B-EE77-418C-8D82-5770B3CFB08B}"
EndProject
Project("{FAE04EC0-301F-11D3-BF4B-00C04F79EFBC}") = "Mavrynt.Web.App", "src\frontend\Mavrynt.Web.App\Mavrynt.Web.App.csproj", "{A0006715-62CD-4BFE-82D9-965F0A8AD4BC}"
EndProject
Project("{FAE04EC0-301F-11D3-BF4B-00C04F79EFBC}") = "Mavrynt.Web.Landing", "src\frontend\Mavrynt.Web.Landing\Mavrynt.Web.Landing.csproj", "{38923B85-E2F4-4AFF-9F0C-A47012A6C552}"
EndProject
Project("{FAE04EC0-301F-11D3-BF4B-00C04F79EFBC}") = "Mavrynt.Architecture.Tests", "tests\backend\Mavrynt.Architecture.Tests\Mavrynt.Architecture.Tests.csproj", "{DF4E0920-9343-4E29-B728-ACA69E0A0651}"
EndProject
Project("{FAE04EC0-301F-11D3-BF4B-00C04F79EFBC}") = "Mavrynt.BuildingBlocks.Domain.Tests", "tests\backend\Mavrynt.BuildingBlocks.Domain.Tests\Mavrynt.BuildingBlocks.Domain.Tests.csproj", "{26899B68-AE7F-41DC-AFCE-A911A7112A94}"
EndProject
Project("{2150E333-8FDC-42A3-9474-1A3956D46DE8}") = "tests", "tests", "{0441CCE8-84CE-4C5A-8311-1EB8710963C0}"
EndProject
Project("{FAE04EC0-301F-11D3-BF4B-00C04F79EFBC}") = "Mavrynt.Modules.Users.Domain.Tests", "tests\Mavrynt.Modules.Users.Domain.Tests\Mavrynt.Modules.Users.Domain.Tests.csproj", "{ACB189D1-83A3-4CE4-BD50-21078D7128BA}"
EndProject
Project("{FAE04EC0-301F-11D3-BF4B-00C04F79EFBC}") = "Mavrynt.Modules.Users.Application.Tests", "tests\Mavrynt.Modules.Users.Application.Tests\Mavrynt.Modules.Users.Application.Tests.csproj", "{12974F4E-733F-4763-ADAB-AC9ED655B8E8}"
EndProject
Project("{FAE04EC0-301F-11D3-BF4B-00C04F79EFBC}") = "Mavrynt.Modules.Users.Infrastructure.Tests", "tests\Mavrynt.Modules.Users.Infrastructure.Tests\Mavrynt.Modules.Users.Infrastructure.Tests.csproj", "{8460D0B0-D1CD-4BA6-9ECF-36A1A0003FED}"
EndProject
Project("{FAE04EC0-301F-11D3-BF4B-00C04F79EFBC}") = "Mavrynt.Api.IntegrationTests", "tests\Mavrynt.Api.IntegrationTests\Mavrynt.Api.IntegrationTests.csproj", "{7CA2EA8D-48B6-4FAD-8859-0AE330847968}"
EndProject
Project("{FAE04EC0-301F-11D3-BF4B-00C04F79EFBC}") = "Mavrynt.AdminApp.IntegrationTests", "tests\Mavrynt.AdminApp.IntegrationTests\Mavrynt.AdminApp.IntegrationTests.csproj", "{70AE54AD-18C4-4F51-97DA-49FA0B1E3CBD}"
EndProject
Project("{2150E333-8FDC-42A3-9474-1A3956D46DE8}") = "src", "src", "{E1B7040E-7F48-4BAD-86EE-A6AA2B545F3E}"
EndProject
Project("{2150E333-8FDC-42A3-9474-1A3956D46DE8}") = "backend", "backend", "{70CA8571-F601-49E9-81B2-5BA39492781E}"
EndProject
Project("{2150E333-8FDC-42A3-9474-1A3956D46DE8}") = "frontend", "frontend", "{0658C38C-57D5-4728-AA13-4A5772BF3EB1}"
EndProject
Project("{FAE04EC0-301F-11D3-BF4B-00C04F79EFBC}") = "Mavrynt.Modules.FeatureManagement.Infrastructure", "src\backend\Mavrynt.Modules.FeatureManagement.Infrastructure\Mavrynt.Modules.FeatureManagement.Infrastructure.csproj", "{ECAAB411-4E95-46F0-8E0A-373B0B50B43F}"
EndProject
Project("{FAE04EC0-301F-11D3-BF4B-00C04F79EFBC}") = "Mavrynt.Modules.FeatureManagement.Application", "src\backend\Mavrynt.Modules.FeatureManagement.Application\Mavrynt.Modules.FeatureManagement.Application.csproj", "{EDFFFD93-CF64-488F-B6F2-6D9EE2253B75}"
EndProject
Project("{FAE04EC0-301F-11D3-BF4B-00C04F79EFBC}") = "Mavrynt.Modules.FeatureManagement.Domain", "src\backend\Mavrynt.Modules.FeatureManagement.Domain\Mavrynt.Modules.FeatureManagement.Domain.csproj", "{23C6919D-3056-4BC1-98E9-ABC547C09388}"
EndProject
Project("{FAE04EC0-301F-11D3-BF4B-00C04F79EFBC}") = "Mavrynt.Modules.Audit.Domain", "src\backend\Mavrynt.Modules.Audit.Domain\Mavrynt.Modules.Audit.Domain.csproj", "{1BEE0FD5-40A0-4FE6-8800-2F942653EAD3}"
EndProject
Project("{FAE04EC0-301F-11D3-BF4B-00C04F79EFBC}") = "Mavrynt.Modules.Audit.Application", "src\backend\Mavrynt.Modules.Audit.Application\Mavrynt.Modules.Audit.Application.csproj", "{6CE8DF39-4CBF-4FCC-A924-A430B89330A3}"
EndProject
Project("{FAE04EC0-301F-11D3-BF4B-00C04F79EFBC}") = "Mavrynt.Modules.Audit.Infrastructure", "src\backend\Mavrynt.Modules.Audit.Infrastructure\Mavrynt.Modules.Audit.Infrastructure.csproj", "{C614E506-1C87-4263-8BF3-48338C744CBC}"
EndProject
Project("{FAE04EC0-301F-11D3-BF4B-00C04F79EFBC}") = "Mavrynt.Modules.FeatureManagement.Domain.Tests", "tests\Mavrynt.Modules.FeatureManagement.Domain.Tests\Mavrynt.Modules.FeatureManagement.Domain.Tests.csproj", "{E9EB736B-4ED8-4326-9FAA-D45CE747439D}"
EndProject
Project("{FAE04EC0-301F-11D3-BF4B-00C04F79EFBC}") = "Mavrynt.Modules.FeatureManagement.Application.Tests", "tests\Mavrynt.Modules.FeatureManagement.Application.Tests\Mavrynt.Modules.FeatureManagement.Application.Tests.csproj", "{77C46A08-77B0-41B4-8F82-F72DF7807A93}"
EndProject
Project("{FAE04EC0-301F-11D3-BF4B-00C04F79EFBC}") = "Mavrynt.Modules.FeatureManagement.Infrastructure.Tests", "tests\Mavrynt.Modules.FeatureManagement.Infrastructure.Tests\Mavrynt.Modules.FeatureManagement.Infrastructure.Tests.csproj", "{5DBF4CDF-3519-42C8-B37C-DC7069DA12B6}"
EndProject
Global
	GlobalSection(SolutionConfigurationPlatforms) = preSolution
		Debug|Any CPU = Debug|Any CPU
		Release|Any CPU = Release|Any CPU
	EndGlobalSection
	GlobalSection(ProjectConfigurationPlatforms) = postSolution
		{FBB1BCF2-0CA4-4731-AE02-896CD7121A09}.Debug|Any CPU.ActiveCfg = Debug|Any CPU
		{FBB1BCF2-0CA4-4731-AE02-896CD7121A09}.Debug|Any CPU.Build.0 = Debug|Any CPU
		{FBB1BCF2-0CA4-4731-AE02-896CD7121A09}.Release|Any CPU.ActiveCfg = Release|Any CPU
		{FBB1BCF2-0CA4-4731-AE02-896CD7121A09}.Release|Any CPU.Build.0 = Release|Any CPU
		{BC16A1E5-F1C2-4AB7-8A66-2396A03CF865}.Debug|Any CPU.ActiveCfg = Debug|Any CPU
		{BC16A1E5-F1C2-4AB7-8A66-2396A03CF865}.Debug|Any CPU.Build.0 = Debug|Any CPU
		{BC16A1E5-F1C2-4AB7-8A66-2396A03CF865}.Release|Any CPU.ActiveCfg = Release|Any CPU
		{BC16A1E5-F1C2-4AB7-8A66-2396A03CF865}.Release|Any CPU.Build.0 = Release|Any CPU
		{2A03DB61-8B93-4EA8-992E-D1F642B2C58E}.Debug|Any CPU.ActiveCfg = Debug|Any CPU
		{2A03DB61-8B93-4EA8-992E-D1F642B2C58E}.Debug|Any CPU.Build.0 = Debug|Any CPU
		{2A03DB61-8B93-4EA8-992E-D1F642B2C58E}.Release|Any CPU.ActiveCfg = Release|Any CPU
		{2A03DB61-8B93-4EA8-992E-D1F642B2C58E}.Release|Any CPU.Build.0 = Release|Any CPU
		{27A5518F-7CA6-4C8F-AFF4-E2E95A5D6688}.Debug|Any CPU.ActiveCfg = Debug|Any CPU
		{27A5518F-7CA6-4C8F-AFF4-E2E95A5D6688}.Debug|Any CPU.Build.0 = Debug|Any CPU
		{27A5518F-7CA6-4C8F-AFF4-E2E95A5D6688}.Release|Any CPU.ActiveCfg = Release|Any CPU
		{27A5518F-7CA6-4C8F-AFF4-E2E95A5D6688}.Release|Any CPU.Build.0 = Release|Any CPU
		{8AE4A9F5-B084-4C44-B93A-ED3162E51E76}.Debug|Any CPU.ActiveCfg = Debug|Any CPU
		{8AE4A9F5-B084-4C44-B93A-ED3162E51E76}.Debug|Any CPU.Build.0 = Debug|Any CPU
		{8AE4A9F5-B084-4C44-B93A-ED3162E51E76}.Release|Any CPU.ActiveCfg = Release|Any CPU
		{8AE4A9F5-B084-4C44-B93A-ED3162E51E76}.Release|Any CPU.Build.0 = Release|Any CPU
		{9606BAB8-8986-44AF-8B9E-627709E02694}.Debug|Any CPU.ActiveCfg = Debug|Any CPU
		{9606BAB8-8986-44AF-8B9E-627709E02694}.Debug|Any CPU.Build.0 = Debug|Any CPU
		{9606BAB8-8986-44AF-8B9E-627709E02694}.Release|Any CPU.ActiveCfg = Release|Any CPU
		{9606BAB8-8986-44AF-8B9E-627709E02694}.Release|Any CPU.Build.0 = Release|Any CPU
		{1A82CA90-E4F7-4E87-AEA4-CF634A352C2A}.Debug|Any CPU.ActiveCfg = Debug|Any CPU
		{1A82CA90-E4F7-4E87-AEA4-CF634A352C2A}.Debug|Any CPU.Build.0 = Debug|Any CPU
		{1A82CA90-E4F7-4E87-AEA4-CF634A352C2A}.Release|Any CPU.ActiveCfg = Release|Any CPU
		{1A82CA90-E4F7-4E87-AEA4-CF634A352C2A}.Release|Any CPU.Build.0 = Release|Any CPU
		{E5E34A87-467B-4982-B913-5A2C323275DC}.Debug|Any CPU.ActiveCfg = Debug|Any CPU
		{E5E34A87-467B-4982-B913-5A2C323275DC}.Debug|Any CPU.Build.0 = Debug|Any CPU
		{E5E34A87-467B-4982-B913-5A2C323275DC}.Release|Any CPU.ActiveCfg = Release|Any CPU
		{E5E34A87-467B-4982-B913-5A2C323275DC}.Release|Any CPU.Build.0 = Release|Any CPU
		{D3C9C9E3-15C9-45CD-875A-9B5F9BA0799A}.Debug|Any CPU.ActiveCfg = Debug|Any CPU
		{D3C9C9E3-15C9-45CD-875A-9B5F9BA0799A}.Debug|Any CPU.Build.0 = Debug|Any CPU
		{D3C9C9E3-15C9-45CD-875A-9B5F9BA0799A}.Release|Any CPU.ActiveCfg = Release|Any CPU
		{D3C9C9E3-15C9-45CD-875A-9B5F9BA0799A}.Release|Any CPU.Build.0 = Release|Any CPU
		{712A1533-9A9F-4588-A00F-03CE23C2E356}.Debug|Any CPU.ActiveCfg = Debug|Any CPU
		{712A1533-9A9F-4588-A00F-03CE23C2E356}.Debug|Any CPU.Build.0 = Debug|Any CPU
		{712A1533-9A9F-4588-A00F-03CE23C2E356}.Release|Any CPU.ActiveCfg = Release|Any CPU
		{712A1533-9A9F-4588-A00F-03CE23C2E356}.Release|Any CPU.Build.0 = Release|Any CPU
		{7F9E52B7-CD29-4468-A230-0A1649697993}.Debug|Any CPU.ActiveCfg = Debug|Any CPU
		{7F9E52B7-CD29-4468-A230-0A1649697993}.Debug|Any CPU.Build.0 = Debug|Any CPU
		{7F9E52B7-CD29-4468-A230-0A1649697993}.Release|Any CPU.ActiveCfg = Release|Any CPU
		{7F9E52B7-CD29-4468-A230-0A1649697993}.Release|Any CPU.Build.0 = Release|Any CPU
		{9BA0DE1B-EE77-418C-8D82-5770B3CFB08B}.Debug|Any CPU.ActiveCfg = Debug|Any CPU
		{9BA0DE1B-EE77-418C-8D82-5770B3CFB08B}.Debug|Any CPU.Build.0 = Debug|Any CPU
		{9BA0DE1B-EE77-418C-8D82-5770B3CFB08B}.Release|Any CPU.ActiveCfg = Release|Any CPU
		{9BA0DE1B-EE77-418C-8D82-5770B3CFB08B}.Release|Any CPU.Build.0 = Release|Any CPU
		{A0006715-62CD-4BFE-82D9-965F0A8AD4BC}.Debug|Any CPU.ActiveCfg = Debug|Any CPU
		{A0006715-62CD-4BFE-82D9-965F0A8AD4BC}.Debug|Any CPU.Build.0 = Debug|Any CPU
		{A0006715-62CD-4BFE-82D9-965F0A8AD4BC}.Release|Any CPU.ActiveCfg = Release|Any CPU
		{A0006715-62CD-4BFE-82D9-965F0A8AD4BC}.Release|Any CPU.Build.0 = Release|Any CPU
		{38923B85-E2F4-4AFF-9F0C-A47012A6C552}.Debug|Any CPU.ActiveCfg = Debug|Any CPU
		{38923B85-E2F4-4AFF-9F0C-A47012A6C552}.Debug|Any CPU.Build.0 = Debug|Any CPU
		{38923B85-E2F4-4AFF-9F0C-A47012A6C552}.Release|Any CPU.ActiveCfg = Release|Any CPU
		{38923B85-E2F4-4AFF-9F0C-A47012A6C552}.Release|Any CPU.Build.0 = Release|Any CPU
		{DF4E0920-9343-4E29-B728-ACA69E0A0651}.Debug|Any CPU.ActiveCfg = Debug|Any CPU
		{DF4E0920-9343-4E29-B728-ACA69E0A0651}.Debug|Any CPU.Build.0 = Debug|Any CPU
		{DF4E0920-9343-4E29-B728-ACA69E0A0651}.Release|Any CPU.ActiveCfg = Release|Any CPU
		{DF4E0920-9343-4E29-B728-ACA69E0A0651}.Release|Any CPU.Build.0 = Release|Any CPU
		{26899B68-AE7F-41DC-AFCE-A911A7112A94}.Debug|Any CPU.ActiveCfg = Debug|Any CPU
		{26899B68-AE7F-41DC-AFCE-A911A7112A94}.Debug|Any CPU.Build.0 = Debug|Any CPU
		{26899B68-AE7F-41DC-AFCE-A911A7112A94}.Release|Any CPU.ActiveCfg = Release|Any CPU
		{26899B68-AE7F-41DC-AFCE-A911A7112A94}.Release|Any CPU.Build.0 = Release|Any CPU
		{ACB189D1-83A3-4CE4-BD50-21078D7128BA}.Debug|Any CPU.ActiveCfg = Debug|Any CPU
		{ACB189D1-83A3-4CE4-BD50-21078D7128BA}.Debug|Any CPU.Build.0 = Debug|Any CPU
		{ACB189D1-83A3-4CE4-BD50-21078D7128BA}.Release|Any CPU.ActiveCfg = Release|Any CPU
		{ACB189D1-83A3-4CE4-BD50-21078D7128BA}.Release|Any CPU.Build.0 = Release|Any CPU
		{12974F4E-733F-4763-ADAB-AC9ED655B8E8}.Debug|Any CPU.ActiveCfg = Debug|Any CPU
		{12974F4E-733F-4763-ADAB-AC9ED655B8E8}.Debug|Any CPU.Build.0 = Debug|Any CPU
		{12974F4E-733F-4763-ADAB-AC9ED655B8E8}.Release|Any CPU.ActiveCfg = Release|Any CPU
		{12974F4E-733F-4763-ADAB-AC9ED655B8E8}.Release|Any CPU.Build.0 = Release|Any CPU
		{8460D0B0-D1CD-4BA6-9ECF-36A1A0003FED}.Debug|Any CPU.ActiveCfg = Debug|Any CPU
		{8460D0B0-D1CD-4BA6-9ECF-36A1A0003FED}.Debug|Any CPU.Build.0 = Debug|Any CPU
		{8460D0B0-D1CD-4BA6-9ECF-36A1A0003FED}.Release|Any CPU.ActiveCfg = Release|Any CPU
		{8460D0B0-D1CD-4BA6-9ECF-36A1A0003FED}.Release|Any CPU.Build.0 = Release|Any CPU
		{7CA2EA8D-48B6-4FAD-8859-0AE330847968}.Debug|Any CPU.ActiveCfg = Debug|Any CPU
		{7CA2EA8D-48B6-4FAD-8859-0AE330847968}.Debug|Any CPU.Build.0 = Debug|Any CPU
		{7CA2EA8D-48B6-4FAD-8859-0AE330847968}.Release|Any CPU.ActiveCfg = Release|Any CPU
		{7CA2EA8D-48B6-4FAD-8859-0AE330847968}.Release|Any CPU.Build.0 = Release|Any CPU
		{70AE54AD-18C4-4F51-97DA-49FA0B1E3CBD}.Debug|Any CPU.ActiveCfg = Debug|Any CPU
		{70AE54AD-18C4-4F51-97DA-49FA0B1E3CBD}.Debug|Any CPU.Build.0 = Debug|Any CPU
		{70AE54AD-18C4-4F51-97DA-49FA0B1E3CBD}.Release|Any CPU.ActiveCfg = Release|Any CPU
		{70AE54AD-18C4-4F51-97DA-49FA0B1E3CBD}.Release|Any CPU.Build.0 = Release|Any CPU
		{ECAAB411-4E95-46F0-8E0A-373B0B50B43F}.Debug|Any CPU.ActiveCfg = Debug|Any CPU
		{ECAAB411-4E95-46F0-8E0A-373B0B50B43F}.Debug|Any CPU.Build.0 = Debug|Any CPU
		{ECAAB411-4E95-46F0-8E0A-373B0B50B43F}.Release|Any CPU.ActiveCfg = Release|Any CPU
		{ECAAB411-4E95-46F0-8E0A-373B0B50B43F}.Release|Any CPU.Build.0 = Release|Any CPU
		{EDFFFD93-CF64-488F-B6F2-6D9EE2253B75}.Debug|Any CPU.ActiveCfg = Debug|Any CPU
		{EDFFFD93-CF64-488F-B6F2-6D9EE2253B75}.Debug|Any CPU.Build.0 = Debug|Any CPU
		{EDFFFD93-CF64-488F-B6F2-6D9EE2253B75}.Release|Any CPU.ActiveCfg = Release|Any CPU
		{EDFFFD93-CF64-488F-B6F2-6D9EE2253B75}.Release|Any CPU.Build.0 = Release|Any CPU
		{23C6919D-3056-4BC1-98E9-ABC547C09388}.Debug|Any CPU.ActiveCfg = Debug|Any CPU
		{23C6919D-3056-4BC1-98E9-ABC547C09388}.Debug|Any CPU.Build.0 = Debug|Any CPU
		{23C6919D-3056-4BC1-98E9-ABC547C09388}.Release|Any CPU.ActiveCfg = Release|Any CPU
		{23C6919D-3056-4BC1-98E9-ABC547C09388}.Release|Any CPU.Build.0 = Release|Any CPU
		{1BEE0FD5-40A0-4FE6-8800-2F942653EAD3}.Debug|Any CPU.ActiveCfg = Debug|Any CPU
		{1BEE0FD5-40A0-4FE6-8800-2F942653EAD3}.Debug|Any CPU.Build.0 = Debug|Any CPU
		{1BEE0FD5-40A0-4FE6-8800-2F942653EAD3}.Release|Any CPU.ActiveCfg = Release|Any CPU
		{1BEE0FD5-40A0-4FE6-8800-2F942653EAD3}.Release|Any CPU.Build.0 = Release|Any CPU
		{6CE8DF39-4CBF-4FCC-A924-A430B89330A3}.Debug|Any CPU.ActiveCfg = Debug|Any CPU
		{6CE8DF39-4CBF-4FCC-A924-A430B89330A3}.Debug|Any CPU.Build.0 = Debug|Any CPU
		{6CE8DF39-4CBF-4FCC-A924-A430B89330A3}.Release|Any CPU.ActiveCfg = Release|Any CPU
		{6CE8DF39-4CBF-4FCC-A924-A430B89330A3}.Release|Any CPU.Build.0 = Release|Any CPU
		{C614E506-1C87-4263-8BF3-48338C744CBC}.Debug|Any CPU.ActiveCfg = Debug|Any CPU
		{C614E506-1C87-4263-8BF3-48338C744CBC}.Debug|Any CPU.Build.0 = Debug|Any CPU
		{C614E506-1C87-4263-8BF3-48338C744CBC}.Release|Any CPU.ActiveCfg = Release|Any CPU
		{C614E506-1C87-4263-8BF3-48338C744CBC}.Release|Any CPU.Build.0 = Release|Any CPU
		{E9EB736B-4ED8-4326-9FAA-D45CE747439D}.Debug|Any CPU.ActiveCfg = Debug|Any CPU
		{E9EB736B-4ED8-4326-9FAA-D45CE747439D}.Debug|Any CPU.Build.0 = Debug|Any CPU
		{E9EB736B-4ED8-4326-9FAA-D45CE747439D}.Release|Any CPU.ActiveCfg = Release|Any CPU
		{E9EB736B-4ED8-4326-9FAA-D45CE747439D}.Release|Any CPU.Build.0 = Release|Any CPU
		{77C46A08-77B0-41B4-8F82-F72DF7807A93}.Debug|Any CPU.ActiveCfg = Debug|Any CPU
		{77C46A08-77B0-41B4-8F82-F72DF7807A93}.Debug|Any CPU.Build.0 = Debug|Any CPU
		{77C46A08-77B0-41B4-8F82-F72DF7807A93}.Release|Any CPU.ActiveCfg = Release|Any CPU
		{77C46A08-77B0-41B4-8F82-F72DF7807A93}.Release|Any CPU.Build.0 = Release|Any CPU
		{5DBF4CDF-3519-42C8-B37C-DC7069DA12B6}.Debug|Any CPU.ActiveCfg = Debug|Any CPU
		{5DBF4CDF-3519-42C8-B37C-DC7069DA12B6}.Debug|Any CPU.Build.0 = Debug|Any CPU
		{5DBF4CDF-3519-42C8-B37C-DC7069DA12B6}.Release|Any CPU.ActiveCfg = Release|Any CPU
		{5DBF4CDF-3519-42C8-B37C-DC7069DA12B6}.Release|Any CPU.Build.0 = Release|Any CPU
	EndGlobalSection
	GlobalSection(NestedProjects) = preSolution
		{DF4E0920-9343-4E29-B728-ACA69E0A0651} = {0441CCE8-84CE-4C5A-8311-1EB8710963C0}
		{26899B68-AE7F-41DC-AFCE-A911A7112A94} = {0441CCE8-84CE-4C5A-8311-1EB8710963C0}
		{ACB189D1-83A3-4CE4-BD50-21078D7128BA} = {0441CCE8-84CE-4C5A-8311-1EB8710963C0}
		{12974F4E-733F-4763-ADAB-AC9ED655B8E8} = {0441CCE8-84CE-4C5A-8311-1EB8710963C0}
		{8460D0B0-D1CD-4BA6-9ECF-36A1A0003FED} = {0441CCE8-84CE-4C5A-8311-1EB8710963C0}
		{7CA2EA8D-48B6-4FAD-8859-0AE330847968} = {0441CCE8-84CE-4C5A-8311-1EB8710963C0}
		{70AE54AD-18C4-4F51-97DA-49FA0B1E3CBD} = {0441CCE8-84CE-4C5A-8311-1EB8710963C0}
		{70CA8571-F601-49E9-81B2-5BA39492781E} = {E1B7040E-7F48-4BAD-86EE-A6AA2B545F3E}
		{27A5518F-7CA6-4C8F-AFF4-E2E95A5D6688} = {70CA8571-F601-49E9-81B2-5BA39492781E}
		{2A03DB61-8B93-4EA8-992E-D1F642B2C58E} = {70CA8571-F601-49E9-81B2-5BA39492781E}
		{FBB1BCF2-0CA4-4731-AE02-896CD7121A09} = {70CA8571-F601-49E9-81B2-5BA39492781E}
		{9606BAB8-8986-44AF-8B9E-627709E02694} = {70CA8571-F601-49E9-81B2-5BA39492781E}
		{8AE4A9F5-B084-4C44-B93A-ED3162E51E76} = {70CA8571-F601-49E9-81B2-5BA39492781E}
		{1A82CA90-E4F7-4E87-AEA4-CF634A352C2A} = {70CA8571-F601-49E9-81B2-5BA39492781E}
		{E5E34A87-467B-4982-B913-5A2C323275DC} = {70CA8571-F601-49E9-81B2-5BA39492781E}
		{712A1533-9A9F-4588-A00F-03CE23C2E356} = {70CA8571-F601-49E9-81B2-5BA39492781E}
		{D3C9C9E3-15C9-45CD-875A-9B5F9BA0799A} = {70CA8571-F601-49E9-81B2-5BA39492781E}
		{7F9E52B7-CD29-4468-A230-0A1649697993} = {70CA8571-F601-49E9-81B2-5BA39492781E}
		{BC16A1E5-F1C2-4AB7-8A66-2396A03CF865} = {70CA8571-F601-49E9-81B2-5BA39492781E}
		{0658C38C-57D5-4728-AA13-4A5772BF3EB1} = {E1B7040E-7F48-4BAD-86EE-A6AA2B545F3E}
		{9BA0DE1B-EE77-418C-8D82-5770B3CFB08B} = {0658C38C-57D5-4728-AA13-4A5772BF3EB1}
		{A0006715-62CD-4BFE-82D9-965F0A8AD4BC} = {0658C38C-57D5-4728-AA13-4A5772BF3EB1}
		{38923B85-E2F4-4AFF-9F0C-A47012A6C552} = {0658C38C-57D5-4728-AA13-4A5772BF3EB1}
		{ECAAB411-4E95-46F0-8E0A-373B0B50B43F} = {70CA8571-F601-49E9-81B2-5BA39492781E}
		{EDFFFD93-CF64-488F-B6F2-6D9EE2253B75} = {70CA8571-F601-49E9-81B2-5BA39492781E}
		{23C6919D-3056-4BC1-98E9-ABC547C09388} = {70CA8571-F601-49E9-81B2-5BA39492781E}
		{1BEE0FD5-40A0-4FE6-8800-2F942653EAD3} = {70CA8571-F601-49E9-81B2-5BA39492781E}
		{6CE8DF39-4CBF-4FCC-A924-A430B89330A3} = {70CA8571-F601-49E9-81B2-5BA39492781E}
		{C614E506-1C87-4263-8BF3-48338C744CBC} = {70CA8571-F601-49E9-81B2-5BA39492781E}
		{E9EB736B-4ED8-4326-9FAA-D45CE747439D} = {0441CCE8-84CE-4C5A-8311-1EB8710963C0}
		{77C46A08-77B0-41B4-8F82-F72DF7807A93} = {0441CCE8-84CE-4C5A-8311-1EB8710963C0}
		{5DBF4CDF-3519-42C8-B37C-DC7069DA12B6} = {0441CCE8-84CE-4C5A-8311-1EB8710963C0}
	EndGlobalSection
EndGlobal
